
Microsoft Visual Studio Solution File, Format Version 12.00
# Visual Studio Version 17
VisualStudioVersion = 17.12.35506.116
MinimumVisualStudioVersion = 10.0.40219.1
Project("{FAE04EC0-301F-11D3-BF4B-00C04F79EFBC}") = "Server", "Server\Server.csproj", "{21B2D01F-71ED-4161-B38F-09F12449A095}"
EndProject
Project("{FAE04EC0-301F-11D3-BF4B-00C04F79EFBC}") = "Client", "Client\Client.csproj", "{9DDF0C78-DC3E-41F8-B7C5-EF4936C53B79}"
EndProject
Project("{FAE04EC0-301F-11D3-BF4B-00C04F79EFBC}") = "BaseLibrary", "BaseLibrary\BaseLibrary.csproj", "{334A76E4-E408-408C-88E1-476208540E75}"
EndProject
Project("{FAE04EC0-301F-11D3-BF4B-00C04F79EFBC}") = "ClientLibrary", "ClientLibrary\ClientLibrary.csproj", "{A42E195C-73F3-41E6-9F69-D861A7B20C76}"
EndProject
Project("{FAE04EC0-301F-11D3-BF4B-00C04F79EFBC}") = "ServerLibrary", "ServerLibrary\ServerLibrary.csproj", "{C439B6D1-377F-4B91-85A1-0750CD89947B}"
EndProject
Global
	GlobalSection(SolutionConfigurationPlatforms) = preSolution
		Debug|Any CPU = Debug|Any CPU
		Release|Any CPU = Release|Any CPU
	EndGlobalSection
	GlobalSection(ProjectConfigurationPlatforms) = postSolution
		{21B2D01F-71ED-4161-B38F-09F12449A095}.Debug|Any CPU.ActiveCfg = Debug|Any CPU
		{21B2D01F-71ED-4161-B38F-09F12449A095}.Debug|Any CPU.Build.0 = Debug|Any CPU
		{21B2D01F-71ED-4161-B38F-09F12449A095}.Release|Any CPU.ActiveCfg = Release|Any CPU
		{21B2D01F-71ED-4161-B38F-09F12449A095}.Release|Any CPU.Build.0 = Release|Any CPU
		{9DDF0C78-DC3E-41F8-B7C5-EF4936C53B79}.Debug|Any CPU.ActiveCfg = Debug|Any CPU
		{9DDF0C78-DC3E-41F8-B7C5-EF4936C53B79}.Debug|Any CPU.Build.0 = Debug|Any CPU
		{9DDF0C78-DC3E-41F8-B7C5-EF4936C53B79}.Release|Any CPU.ActiveCfg = Release|Any CPU
		{9DDF0C78-DC3E-41F8-B7C5-EF4936C53B79}.Release|Any CPU.Build.0 = Release|Any CPU
		{334A76E4-E408-408C-88E1-476208540E75}.Debug|Any CPU.ActiveCfg = Debug|Any CPU
		{334A76E4-E408-408C-88E1-476208540E75}.Debug|Any CPU.Build.0 = Debug|Any CPU
		{334A76E4-E408-408C-88E1-476208540E75}.Release|Any CPU.ActiveCfg = Release|Any CPU
		{334A76E4-E408-408C-88E1-476208540E75}.Release|Any CPU.Build.0 = Release|Any CPU
		{A42E195C-73F3-41E6-9F69-D861A7B20C76}.Debug|Any CPU.ActiveCfg = Debug|Any CPU
		{A42E195C-73F3-41E6-9F69-D861A7B20C76}.Debug|Any CPU.Build.0 = Debug|Any CPU
		{A42E195C-73F3-41E6-9F69-D861A7B20C76}.Release|Any CPU.ActiveCfg = Release|Any CPU
		{A42E195C-73F3-41E6-9F69-D861A7B20C76}.Release|Any CPU.Build.0 = Release|Any CPU
		{C439B6D1-377F-4B91-85A1-0750CD89947B}.Debug|Any CPU.ActiveCfg = Debug|Any CPU
		{C439B6D1-377F-4B91-85A1-0750CD89947B}.Debug|Any CPU.Build.0 = Debug|Any CPU
		{C439B6D1-377F-4B91-85A1-0750CD89947B}.Release|Any CPU.ActiveCfg = Release|Any CPU
		{C439B6D1-377F-4B91-85A1-0750CD89947B}.Release|Any CPU.Build.0 = Release|Any CPU
	EndGlobalSection
	GlobalSection(SolutionProperties) = preSolution
		HideSolutionNode = FALSE
	EndGlobalSection
EndGlobal
